<?xml version="1.0" encoding="utf-8"?>
<Project ToolsVersion="4.0" xmlns="http://schemas.microsoft.com/developer/msbuild/2003">
  <ItemGroup>
    <Filter Include="Source Files">
      <UniqueIdentifier>{d754c6ae-3a2c-4ac8-b2a3-44413bcf04ea}</UniqueIdentifier>
      <Extensions>cpp;c;cxx;rc;def;r;odl;hpj;bat;for;f90</Extensions>
    </Filter>
    <Filter Include="Header Files">
      <UniqueIdentifier>{82821325-4e54-4b9d-975e-c35474609bf2}</UniqueIdentifier>
      <Extensions>h;hpp;hxx;hm;inl;fi;fd</Extensions>
    </Filter>
    <Filter Include="Resource Files">
      <UniqueIdentifier>{d0f6ba82-add4-45db-a8f1-aa5cd738bcd0}</UniqueIdentifier>
      <Extensions>ico;cur;bmp;dlg;rc2;rct;bin;cnt;rtf;gif;jpg;jpeg;jpe</Extensions>
    </Filter>
  </ItemGroup>
  <ItemGroup>
    <ClCompile Include="DIALOGS.CPP">
      <Filter>Source Files</Filter>
    </ClCompile>
    <ClCompile Include="DIB_ITER.CPP">
      <Filter>Source Files</Filter>
    </ClCompile>
    <ClCompile Include="DibEntryVec.cpp">
      <Filter>Source Files</Filter>
    </ClCompile>
    <ClCompile Include="DOC.CPP">
      <Filter>Source Files</Filter>
    </ClCompile>
    <ClCompile Include="Filename.cpp">
      <Filter>Source Files</Filter>
    </ClCompile>
    <ClCompile Include="FileStatus.cpp">
      <Filter>Source Files</Filter>
    </ClCompile>
    <ClCompile Include="FullScreen.cpp">
      <Filter>Source Files</Filter>
    </ClCompile>
    <ClCompile Include="globals.cpp">
      <Filter>Source Files</Filter>
    </ClCompile>
    <ClCompile Include="KeyCommandHandler.cpp">
      <Filter>Source Files</Filter>
    </ClCompile>
    <ClCompile Include="KeyCommands.cpp">
      <Filter>Source Files</Filter>
    </ClCompile>
    <ClCompile Include="KeyDlg.cpp">
      <Filter>Source Files</Filter>
    </ClCompile>
    <ClCompile Include="MAINFRM.CPP">
      <Filter>Source Files</Filter>
    </ClCompile>
    <ClCompile Include="Registration.cpp">
      <Filter>Source Files</Filter>
    </ClCompile>
    <ClCompile Include="showart.cpp">
      <Filter>Source Files</Filter>
    </ClCompile>
    <ClCompile Include="ShowartUtils.cpp">
      <Filter>Source Files</Filter>
    </ClCompile>
    <ClCompile Include="STDAFX.CPP">
      <Filter>Source Files</Filter>
    </ClCompile>
    <ClCompile Include="SuperDelete.cpp">
      <Filter>Source Files</Filter>
    </ClCompile>
    <ClCompile Include="SuperMove.cpp">
      <Filter>Source Files</Filter>
    </ClCompile>
    <ClCompile Include="SuperSkip.cpp">
      <Filter>Source Files</Filter>
    </ClCompile>
    <ClCompile Include="UserPreferences.cpp">
      <Filter>Source Files</Filter>
    </ClCompile>
    <ClCompile Include="VIEW.CPP">
      <Filter>Source Files</Filter>
    </ClCompile>
    <ClCompile Include="Winutil.cpp">
      <Filter>Source Files</Filter>
    </ClCompile>
    <ClCompile Include="PNG.cpp">
      <Filter>Source Files</Filter>
    </ClCompile>
  </ItemGroup>
  <ItemGroup>
    <ResourceCompile Include="SHOWART.RC">
      <Filter>Source Files</Filter>
    </ResourceCompile>
  </ItemGroup>
  <ItemGroup>
    <ClInclude Include="Dialogs.h">
      <Filter>Header Files</Filter>
    </ClInclude>
    <ClInclude Include="..\..\Include\DIB.H">
      <Filter>Header Files</Filter>
    </ClInclude>
    <ClInclude Include="Dib_iter.h">
      <Filter>Header Files</Filter>
    </ClInclude>
    <ClInclude Include="DibEntryVec.h">
      <Filter>Header Files</Filter>
    </ClInclude>
    <ClInclude Include="Doc.h">
      <Filter>Header Files</Filter>
    </ClInclude>
    <ClInclude Include="Filename.h">
      <Filter>Header Files</Filter>
    </ClInclude>
    <ClInclude Include="FileStatus.h">
      <Filter>Header Files</Filter>
    </ClInclude>
    <ClInclude Include="FullScreen.h">
      <Filter>Header Files</Filter>
    </ClInclude>
    <ClInclude Include="Globals.h">
      <Filter>Header Files</Filter>
    </ClInclude>
    <ClInclude Include="KeyCommandHandler.h">
      <Filter>Header Files</Filter>
    </ClInclude>
    <ClInclude Include="KeyCommands.h">
      <Filter>Header Files</Filter>
    </ClInclude>
    <ClInclude Include="KeyDlg.h">
      <Filter>Header Files</Filter>
    </ClInclude>
    <ClInclude Include="Mainfrm.h">
      <Filter>Header Files</Filter>
    </ClInclude>
    <ClInclude Include="MegaFileOpen.h">
      <Filter>Header Files</Filter>
    </ClInclude>
    <ClInclude Include="Registration.h">
      <Filter>Header Files</Filter>
    </ClInclude>
    <ClInclude Include="resource.h">
      <Filter>Header Files</Filter>
    </ClInclude>
    <ClInclude Include="showart.h">
      <Filter>Header Files</Filter>
    </ClInclude>
    <ClInclude Include="ShowartUtils.h">
      <Filter>Header Files</Filter>
    </ClInclude>
    <ClInclude Include="Stdafx.h">
      <Filter>Header Files</Filter>
    </ClInclude>
    <ClInclude Include="SuperDelete.h">
      <Filter>Header Files</Filter>
    </ClInclude>
    <ClInclude Include="SuperMove.h">
      <Filter>Header Files</Filter>
    </ClInclude>
    <ClInclude Include="SuperSkip.h">
      <Filter>Header Files</Filter>
    </ClInclude>
    <ClInclude Include="UserPreferences.h">
      <Filter>Header Files</Filter>
    </ClInclude>
    <ClInclude Include="View.h">
      <Filter>Header Files</Filter>
    </ClInclude>
    <ClInclude Include="WinUtil.h">
      <Filter>Header Files</Filter>
    </ClInclude>
    <ClInclude Include="PNG.h">
      <Filter>Header Files</Filter>
    </ClInclude>
  </ItemGroup>
  <ItemGroup>
    <None Include="RES\DOC.ICO">
      <Filter>Resource Files</Filter>
    </None>
    <None Include="history.txt">
      <Filter>Resource Files</Filter>
    </None>
    <None Include="RES\IDR_GIFT.ICO">
      <Filter>Resource Files</Filter>
    </None>
    <None Include="RES\IDR_TIFF.ICO">
      <Filter>Resource Files</Filter>
    </None>
    <None Include="RES\SHOWART.ICO">
      <Filter>Resource Files</Filter>
    </None>
    <None Include="RES\SHOWART.RC2">
      <Filter>Resource Files</Filter>
    </None>
    <None Include="testlist.txt">
      <Filter>Resource Files</Filter>
    </None>
    <None Include="RES\TOOLBAR.BMP">
      <Filter>Resource Files</Filter>
    </None>
    <None Include="ClassDiagram1.cd" />
  </ItemGroup>
</Project>