<?xml version="1.0" encoding="utf-8"?>
<Project ToolsVersion="4.0" xmlns="http://schemas.microsoft.com/developer/msbuild/2003">
  <ItemGroup>
    <Filter Include="Source Files">
      <UniqueIdentifier>{baa2b923-5c7b-4eba-a7e4-0879a7d360f1}</UniqueIdentifier>
      <Extensions>cpp;c;cxx;rc;def;r;odl;idl;hpj;bat</Extensions>
    </Filter>
    <Filter Include="Header Files">
      <UniqueIdentifier>{c18a9961-3e53-4bcb-8937-13f86ea16635}</UniqueIdentifier>
      <Extensions>h;hpp;hxx;hm;inl</Extensions>
    </Filter>
  </ItemGroup>
  <ItemGroup>
    <ClCompile Include="bnutils.cpp">
      <Filter>Source Files</Filter>
    </ClCompile>
    <ClCompile Include="CommentReader.cpp">
      <Filter>Source Files</Filter>
    </ClCompile>
    <ClCompile Include="Jpeg2Dib.c">
      <Filter>Source Files</Filter>
    </ClCompile>
    <ClCompile Include="JpegRotater.cpp">
      <Filter>Source Files</Filter>
    </ClCompile>
    <ClCompile Include="JpegWriter.cpp">
      <Filter>Source Files</Filter>
    </ClCompile>
    <ClCompile Include="rddib.c">
      <Filter>Source Files</Filter>
    </ClCompile>
    <ClCompile Include="transupp.c">
      <Filter>Source Files</Filter>
    </ClCompile>
    <ClCompile Include="winutils.c">
      <Filter>Source Files</Filter>
    </ClCompile>
    <ClCompile Include="wrbmp.c">
      <Filter>Source Files</Filter>
    </ClCompile>
  </ItemGroup>
  <ItemGroup>
    <ClInclude Include="bnutils.h">
      <Filter>Header Files</Filter>
    </ClInclude>
    <ClInclude Include="cderror.h">
      <Filter>Header Files</Filter>
    </ClInclude>
    <ClInclude Include="cdjpeg.h">
      <Filter>Header Files</Filter>
    </ClInclude>
    <ClInclude Include="CommentReader.h">
      <Filter>Header Files</Filter>
    </ClInclude>
    <ClInclude Include="..\jpeg\jconfig.h">
      <Filter>Header Files</Filter>
    </ClInclude>
    <ClInclude Include="..\jpeg\jerror.h">
      <Filter>Header Files</Filter>
    </ClInclude>
    <ClInclude Include="..\jpeg\jinclude.h">
      <Filter>Header Files</Filter>
    </ClInclude>
    <ClInclude Include="..\jpeg\jmorecfg.h">
      <Filter>Header Files</Filter>
    </ClInclude>
    <ClInclude Include="jpegext.h">
      <Filter>Header Files</Filter>
    </ClInclude>
    <ClInclude Include="jpegextwin.h">
      <Filter>Header Files</Filter>
    </ClInclude>
    <ClInclude Include="..\jpeg\jpeglib.h">
      <Filter>Header Files</Filter>
    </ClInclude>
    <ClInclude Include="JpegRotater.h">
      <Filter>Header Files</Filter>
    </ClInclude>
    <ClInclude Include="JpegWriter.h">
      <Filter>Header Files</Filter>
    </ClInclude>
    <ClInclude Include="..\jpeg\jversion.h">
      <Filter>Header Files</Filter>
    </ClInclude>
    <ClInclude Include="transupp.h">
      <Filter>Header Files</Filter>
    </ClInclude>
    <ClInclude Include="wrbmp.h">
      <Filter>Header Files</Filter>
    </ClInclude>
  </ItemGroup>
</Project>