
Microsoft Visual Studio Solution File, Format Version 12.00
# Visual Studio Version 17
VisualStudioVersion = 17.5.33414.496
MinimumVisualStudioVersion = 10.0.40219.1
Project("{8BC9CEB8-8B4A-11D0-8D11-00A0C91BC942}") = "bndib", "bndib.vcxproj", "{2B6C4A76-D5CE-4FE2-98FE-E757FF293D6D}"
	ProjectSection(ProjectDependencies) = postProject
		{B41B0900-36FD-48D0-AA64-CD6F315DD65D} = {B41B0900-36FD-48D0-AA64-CD6F315DD65D}
		{B6A3543F-64AB-45E7-B5F8-69631C7A6B69} = {B6A3543F-64AB-45E7-B5F8-69631C7A6B69}
		{BFBF4A8B-E682-4229-A7E7-045FC3BC4D9D} = {BFBF4A8B-E682-4229-A7E7-045FC3BC4D9D}
	EndProjectSection
EndProject
Project("{8BC9CEB8-8B4A-11D0-8D11-00A0C91BC942}") = "jpeg", "jpeg\jpeg.vcxproj", "{B6A3543F-64AB-45E7-B5F8-69631C7A6B69}"
EndProject
Project("{8BC9CEB8-8B4A-11D0-8D11-00A0C91BC942}") = "jpegext", "jpegext\jpegext.vcxproj", "{BFBF4A8B-E682-4229-A7E7-045FC3BC4D9D}"
EndProject
Project("{8BC9CEB8-8B4A-11D0-8D11-00A0C91BC942}") = "Tiff", "TIFF\Tiff.vcxproj", "{B41B0900-36FD-48D0-AA64-CD6F315DD65D}"
EndProject
Global
	GlobalSection(SolutionConfigurationPlatforms) = preSolution
		Debug Library|ARM64 = Debug Library|ARM64
		Debug Library|x64 = Debug Library|x64
		Debug Library|x86 = Debug Library|x86
		Debug|ARM64 = Debug|ARM64
		Debug|x64 = Debug|x64
		Debug|x86 = Debug|x86
		MinSizeRel|ARM64 = MinSizeRel|ARM64
		MinSizeRel|x64 = MinSizeRel|x64
		MinSizeRel|x86 = MinSizeRel|x86
		Release Library|ARM64 = Release Library|ARM64
		Release Library|x64 = Release Library|x64
		Release Library|x86 = Release Library|x86
		Release|ARM64 = Release|ARM64
		Release|x64 = Release|x64
		Release|x86 = Release|x86
		RelWithDebInfo|ARM64 = RelWithDebInfo|ARM64
		RelWithDebInfo|x64 = RelWithDebInfo|x64
		RelWithDebInfo|x86 = RelWithDebInfo|x86
	EndGlobalSection
	GlobalSection(ProjectConfigurationPlatforms) = postSolution
		{2B6C4A76-D5CE-4FE2-98FE-E757FF293D6D}.Debug Library|ARM64.ActiveCfg = Debug|Win32
		{2B6C4A76-D5CE-4FE2-98FE-E757FF293D6D}.Debug Library|ARM64.Build.0 = Debug|Win32
		{2B6C4A76-D5CE-4FE2-98FE-E757FF293D6D}.Debug Library|x64.ActiveCfg = Debug|Win32
		{2B6C4A76-D5CE-4FE2-98FE-E757FF293D6D}.Debug Library|x64.Build.0 = Debug|Win32
		{2B6C4A76-D5CE-4FE2-98FE-E757FF293D6D}.Debug Library|x86.ActiveCfg = Debug|Win32
		{2B6C4A76-D5CE-4FE2-98FE-E757FF293D6D}.Debug Library|x86.Build.0 = Debug|Win32
		{2B6C4A76-D5CE-4FE2-98FE-E757FF293D6D}.Debug|ARM64.ActiveCfg = Debug|Win32
		{2B6C4A76-D5CE-4FE2-98FE-E757FF293D6D}.Debug|ARM64.Build.0 = Debug|Win32
		{2B6C4A76-D5CE-4FE2-98FE-E757FF293D6D}.Debug|x64.ActiveCfg = Debug|Win32
		{2B6C4A76-D5CE-4FE2-98FE-E757FF293D6D}.Debug|x64.Build.0 = Debug|Win32
		{2B6C4A76-D5CE-4FE2-98FE-E757FF293D6D}.Debug|x86.ActiveCfg = Debug|Win32
		{2B6C4A76-D5CE-4FE2-98FE-E757FF293D6D}.Debug|x86.Build.0 = Debug|Win32
		{2B6C4A76-D5CE-4FE2-98FE-E757FF293D6D}.MinSizeRel|ARM64.ActiveCfg = Release|Win32
		{2B6C4A76-D5CE-4FE2-98FE-E757FF293D6D}.MinSizeRel|ARM64.Build.0 = Release|Win32
		{2B6C4A76-D5CE-4FE2-98FE-E757FF293D6D}.MinSizeRel|x64.ActiveCfg = Release|Win32
		{2B6C4A76-D5CE-4FE2-98FE-E757FF293D6D}.MinSizeRel|x64.Build.0 = Release|Win32
		{2B6C4A76-D5CE-4FE2-98FE-E757FF293D6D}.MinSizeRel|x86.ActiveCfg = Release|Win32
		{2B6C4A76-D5CE-4FE2-98FE-E757FF293D6D}.MinSizeRel|x86.Build.0 = Release|Win32
		{2B6C4A76-D5CE-4FE2-98FE-E757FF293D6D}.Release Library|ARM64.ActiveCfg = Release|Win32
		{2B6C4A76-D5CE-4FE2-98FE-E757FF293D6D}.Release Library|ARM64.Build.0 = Release|Win32
		{2B6C4A76-D5CE-4FE2-98FE-E757FF293D6D}.Release Library|x64.ActiveCfg = Release|Win32
		{2B6C4A76-D5CE-4FE2-98FE-E757FF293D6D}.Release Library|x64.Build.0 = Release|Win32
		{2B6C4A76-D5CE-4FE2-98FE-E757FF293D6D}.Release Library|x86.ActiveCfg = Release|Win32
		{2B6C4A76-D5CE-4FE2-98FE-E757FF293D6D}.Release Library|x86.Build.0 = Release|Win32
		{2B6C4A76-D5CE-4FE2-98FE-E757FF293D6D}.Release|ARM64.ActiveCfg = Release|Win32
		{2B6C4A76-D5CE-4FE2-98FE-E757FF293D6D}.Release|ARM64.Build.0 = Release|Win32
		{2B6C4A76-D5CE-4FE2-98FE-E757FF293D6D}.Release|x64.ActiveCfg = Release|Win32
		{2B6C4A76-D5CE-4FE2-98FE-E757FF293D6D}.Release|x64.Build.0 = Release|Win32
		{2B6C4A76-D5CE-4FE2-98FE-E757FF293D6D}.Release|x86.ActiveCfg = Release|Win32
		{2B6C4A76-D5CE-4FE2-98FE-E757FF293D6D}.Release|x86.Build.0 = Release|Win32
		{2B6C4A76-D5CE-4FE2-98FE-E757FF293D6D}.RelWithDebInfo|ARM64.ActiveCfg = Release|Win32
		{2B6C4A76-D5CE-4FE2-98FE-E757FF293D6D}.RelWithDebInfo|ARM64.Build.0 = Release|Win32
		{2B6C4A76-D5CE-4FE2-98FE-E757FF293D6D}.RelWithDebInfo|x64.ActiveCfg = Release|Win32
		{2B6C4A76-D5CE-4FE2-98FE-E757FF293D6D}.RelWithDebInfo|x64.Build.0 = Release|Win32
		{2B6C4A76-D5CE-4FE2-98FE-E757FF293D6D}.RelWithDebInfo|x86.ActiveCfg = Release|Win32
		{2B6C4A76-D5CE-4FE2-98FE-E757FF293D6D}.RelWithDebInfo|x86.Build.0 = Release|Win32
		{B6A3543F-64AB-45E7-B5F8-69631C7A6B69}.Debug Library|ARM64.ActiveCfg = Debug|Win32
		{B6A3543F-64AB-45E7-B5F8-69631C7A6B69}.Debug Library|ARM64.Build.0 = Debug|Win32
		{B6A3543F-64AB-45E7-B5F8-69631C7A6B69}.Debug Library|x64.ActiveCfg = Debug|Win32
		{B6A3543F-64AB-45E7-B5F8-69631C7A6B69}.Debug Library|x64.Build.0 = Debug|Win32
		{B6A3543F-64AB-45E7-B5F8-69631C7A6B69}.Debug Library|x86.ActiveCfg = Debug|Win32
		{B6A3543F-64AB-45E7-B5F8-69631C7A6B69}.Debug Library|x86.Build.0 = Debug|Win32
		{B6A3543F-64AB-45E7-B5F8-69631C7A6B69}.Debug|ARM64.ActiveCfg = Debug|Win32
		{B6A3543F-64AB-45E7-B5F8-69631C7A6B69}.Debug|ARM64.Build.0 = Debug|Win32
		{B6A3543F-64AB-45E7-B5F8-69631C7A6B69}.Debug|x64.ActiveCfg = Debug|Win32
		{B6A3543F-64AB-45E7-B5F8-69631C7A6B69}.Debug|x64.Build.0 = Debug|Win32
		{B6A3543F-64AB-45E7-B5F8-69631C7A6B69}.Debug|x86.ActiveCfg = Debug|Win32
		{B6A3543F-64AB-45E7-B5F8-69631C7A6B69}.Debug|x86.Build.0 = Debug|Win32
		{B6A3543F-64AB-45E7-B5F8-69631C7A6B69}.MinSizeRel|ARM64.ActiveCfg = Release|Win32
		{B6A3543F-64AB-45E7-B5F8-69631C7A6B69}.MinSizeRel|ARM64.Build.0 = Release|Win32
		{B6A3543F-64AB-45E7-B5F8-69631C7A6B69}.MinSizeRel|x64.ActiveCfg = Release|Win32
		{B6A3543F-64AB-45E7-B5F8-69631C7A6B69}.MinSizeRel|x64.Build.0 = Release|Win32
		{B6A3543F-64AB-45E7-B5F8-69631C7A6B69}.MinSizeRel|x86.ActiveCfg = Release|Win32
		{B6A3543F-64AB-45E7-B5F8-69631C7A6B69}.MinSizeRel|x86.Build.0 = Release|Win32
		{B6A3543F-64AB-45E7-B5F8-69631C7A6B69}.Release Library|ARM64.ActiveCfg = Release|Win32
		{B6A3543F-64AB-45E7-B5F8-69631C7A6B69}.Release Library|ARM64.Build.0 = Release|Win32
		{B6A3543F-64AB-45E7-B5F8-69631C7A6B69}.Release Library|x64.ActiveCfg = Release|Win32
		{B6A3543F-64AB-45E7-B5F8-69631C7A6B69}.Release Library|x64.Build.0 = Release|Win32
		{B6A3543F-64AB-45E7-B5F8-69631C7A6B69}.Release Library|x86.ActiveCfg = Release|Win32
		{B6A3543F-64AB-45E7-B5F8-69631C7A6B69}.Release Library|x86.Build.0 = Release|Win32
		{B6A3543F-64AB-45E7-B5F8-69631C7A6B69}.Release|ARM64.ActiveCfg = Release|Win32
		{B6A3543F-64AB-45E7-B5F8-69631C7A6B69}.Release|ARM64.Build.0 = Release|Win32
		{B6A3543F-64AB-45E7-B5F8-69631C7A6B69}.Release|x64.ActiveCfg = Release|Win32
		{B6A3543F-64AB-45E7-B5F8-69631C7A6B69}.Release|x64.Build.0 = Release|Win32
		{B6A3543F-64AB-45E7-B5F8-69631C7A6B69}.Release|x86.ActiveCfg = Release|Win32
		{B6A3543F-64AB-45E7-B5F8-69631C7A6B69}.Release|x86.Build.0 = Release|Win32
		{B6A3543F-64AB-45E7-B5F8-69631C7A6B69}.RelWithDebInfo|ARM64.ActiveCfg = Release|Win32
		{B6A3543F-64AB-45E7-B5F8-69631C7A6B69}.RelWithDebInfo|ARM64.Build.0 = Release|Win32
		{B6A3543F-64AB-45E7-B5F8-69631C7A6B69}.RelWithDebInfo|x64.ActiveCfg = Release|Win32
		{B6A3543F-64AB-45E7-B5F8-69631C7A6B69}.RelWithDebInfo|x64.Build.0 = Release|Win32
		{B6A3543F-64AB-45E7-B5F8-69631C7A6B69}.RelWithDebInfo|x86.ActiveCfg = Release|Win32
		{B6A3543F-64AB-45E7-B5F8-69631C7A6B69}.RelWithDebInfo|x86.Build.0 = Release|Win32
		{BFBF4A8B-E682-4229-A7E7-045FC3BC4D9D}.Debug Library|ARM64.ActiveCfg = Debug|Win32
		{BFBF4A8B-E682-4229-A7E7-045FC3BC4D9D}.Debug Library|ARM64.Build.0 = Debug|Win32
		{BFBF4A8B-E682-4229-A7E7-045FC3BC4D9D}.Debug Library|x64.ActiveCfg = Debug|Win32
		{BFBF4A8B-E682-4229-A7E7-045FC3BC4D9D}.Debug Library|x64.Build.0 = Debug|Win32
		{BFBF4A8B-E682-4229-A7E7-045FC3BC4D9D}.Debug Library|x86.ActiveCfg = Debug|Win32
		{BFBF4A8B-E682-4229-A7E7-045FC3BC4D9D}.Debug Library|x86.Build.0 = Debug|Win32
		{BFBF4A8B-E682-4229-A7E7-045FC3BC4D9D}.Debug|ARM64.ActiveCfg = Debug|Win32
		{BFBF4A8B-E682-4229-A7E7-045FC3BC4D9D}.Debug|ARM64.Build.0 = Debug|Win32
		{BFBF4A8B-E682-4229-A7E7-045FC3BC4D9D}.Debug|x64.ActiveCfg = Debug|Win32
		{BFBF4A8B-E682-4229-A7E7-045FC3BC4D9D}.Debug|x64.Build.0 = Debug|Win32
		{BFBF4A8B-E682-4229-A7E7-045FC3BC4D9D}.Debug|x86.ActiveCfg = Debug|Win32
		{BFBF4A8B-E682-4229-A7E7-045FC3BC4D9D}.Debug|x86.Build.0 = Debug|Win32
		{BFBF4A8B-E682-4229-A7E7-045FC3BC4D9D}.MinSizeRel|ARM64.ActiveCfg = Release|Win32
		{BFBF4A8B-E682-4229-A7E7-045FC3BC4D9D}.MinSizeRel|ARM64.Build.0 = Release|Win32
		{BFBF4A8B-E682-4229-A7E7-045FC3BC4D9D}.MinSizeRel|x64.ActiveCfg = Release|Win32
		{BFBF4A8B-E682-4229-A7E7-045FC3BC4D9D}.MinSizeRel|x64.Build.0 = Release|Win32
		{BFBF4A8B-E682-4229-A7E7-045FC3BC4D9D}.MinSizeRel|x86.ActiveCfg = Release|Win32
		{BFBF4A8B-E682-4229-A7E7-045FC3BC4D9D}.MinSizeRel|x86.Build.0 = Release|Win32
		{BFBF4A8B-E682-4229-A7E7-045FC3BC4D9D}.Release Library|ARM64.ActiveCfg = Release|Win32
		{BFBF4A8B-E682-4229-A7E7-045FC3BC4D9D}.Release Library|ARM64.Build.0 = Release|Win32
		{BFBF4A8B-E682-4229-A7E7-045FC3BC4D9D}.Release Library|x64.ActiveCfg = Release|Win32
		{BFBF4A8B-E682-4229-A7E7-045FC3BC4D9D}.Release Library|x64.Build.0 = Release|Win32
		{BFBF4A8B-E682-4229-A7E7-045FC3BC4D9D}.Release Library|x86.ActiveCfg = Release|Win32
		{BFBF4A8B-E682-4229-A7E7-045FC3BC4D9D}.Release Library|x86.Build.0 = Release|Win32
		{BFBF4A8B-E682-4229-A7E7-045FC3BC4D9D}.Release|ARM64.ActiveCfg = Release|Win32
		{BFBF4A8B-E682-4229-A7E7-045FC3BC4D9D}.Release|ARM64.Build.0 = Release|Win32
		{BFBF4A8B-E682-4229-A7E7-045FC3BC4D9D}.Release|x64.ActiveCfg = Release|Win32
		{BFBF4A8B-E682-4229-A7E7-045FC3BC4D9D}.Release|x64.Build.0 = Release|Win32
		{BFBF4A8B-E682-4229-A7E7-045FC3BC4D9D}.Release|x86.ActiveCfg = Release|Win32
		{BFBF4A8B-E682-4229-A7E7-045FC3BC4D9D}.Release|x86.Build.0 = Release|Win32
		{BFBF4A8B-E682-4229-A7E7-045FC3BC4D9D}.RelWithDebInfo|ARM64.ActiveCfg = Release|Win32
		{BFBF4A8B-E682-4229-A7E7-045FC3BC4D9D}.RelWithDebInfo|ARM64.Build.0 = Release|Win32
		{BFBF4A8B-E682-4229-A7E7-045FC3BC4D9D}.RelWithDebInfo|x64.ActiveCfg = Release|Win32
		{BFBF4A8B-E682-4229-A7E7-045FC3BC4D9D}.RelWithDebInfo|x64.Build.0 = Release|Win32
		{BFBF4A8B-E682-4229-A7E7-045FC3BC4D9D}.RelWithDebInfo|x86.ActiveCfg = Release|Win32
		{BFBF4A8B-E682-4229-A7E7-045FC3BC4D9D}.RelWithDebInfo|x86.Build.0 = Release|Win32
		{B41B0900-36FD-48D0-AA64-CD6F315DD65D}.Debug Library|ARM64.ActiveCfg = Debug|Win32
		{B41B0900-36FD-48D0-AA64-CD6F315DD65D}.Debug Library|ARM64.Build.0 = Debug|Win32
		{B41B0900-36FD-48D0-AA64-CD6F315DD65D}.Debug Library|x64.ActiveCfg = Debug|Win32
		{B41B0900-36FD-48D0-AA64-CD6F315DD65D}.Debug Library|x64.Build.0 = Debug|Win32
		{B41B0900-36FD-48D0-AA64-CD6F315DD65D}.Debug Library|x86.ActiveCfg = Debug|Win32
		{B41B0900-36FD-48D0-AA64-CD6F315DD65D}.Debug Library|x86.Build.0 = Debug|Win32
		{B41B0900-36FD-48D0-AA64-CD6F315DD65D}.Debug|ARM64.ActiveCfg = Debug|Win32
		{B41B0900-36FD-48D0-AA64-CD6F315DD65D}.Debug|ARM64.Build.0 = Debug|Win32
		{B41B0900-36FD-48D0-AA64-CD6F315DD65D}.Debug|x64.ActiveCfg = Debug|Win32
		{B41B0900-36FD-48D0-AA64-CD6F315DD65D}.Debug|x64.Build.0 = Debug|Win32
		{B41B0900-36FD-48D0-AA64-CD6F315DD65D}.Debug|x86.ActiveCfg = Debug|Win32
		{B41B0900-36FD-48D0-AA64-CD6F315DD65D}.Debug|x86.Build.0 = Debug|Win32
		{B41B0900-36FD-48D0-AA64-CD6F315DD65D}.MinSizeRel|ARM64.ActiveCfg = Release|Win32
		{B41B0900-36FD-48D0-AA64-CD6F315DD65D}.MinSizeRel|ARM64.Build.0 = Release|Win32
		{B41B0900-36FD-48D0-AA64-CD6F315DD65D}.MinSizeRel|x64.ActiveCfg = Release|Win32
		{B41B0900-36FD-48D0-AA64-CD6F315DD65D}.MinSizeRel|x64.Build.0 = Release|Win32
		{B41B0900-36FD-48D0-AA64-CD6F315DD65D}.MinSizeRel|x86.ActiveCfg = Release|Win32
		{B41B0900-36FD-48D0-AA64-CD6F315DD65D}.MinSizeRel|x86.Build.0 = Release|Win32
		{B41B0900-36FD-48D0-AA64-CD6F315DD65D}.Release Library|ARM64.ActiveCfg = Release|Win32
		{B41B0900-36FD-48D0-AA64-CD6F315DD65D}.Release Library|ARM64.Build.0 = Release|Win32
		{B41B0900-36FD-48D0-AA64-CD6F315DD65D}.Release Library|x64.ActiveCfg = Release|Win32
		{B41B0900-36FD-48D0-AA64-CD6F315DD65D}.Release Library|x64.Build.0 = Release|Win32
		{B41B0900-36FD-48D0-AA64-CD6F315DD65D}.Release Library|x86.ActiveCfg = Release|Win32
		{B41B0900-36FD-48D0-AA64-CD6F315DD65D}.Release Library|x86.Build.0 = Release|Win32
		{B41B0900-36FD-48D0-AA64-CD6F315DD65D}.Release|ARM64.ActiveCfg = Release|Win32
		{B41B0900-36FD-48D0-AA64-CD6F315DD65D}.Release|ARM64.Build.0 = Release|Win32
		{B41B0900-36FD-48D0-AA64-CD6F315DD65D}.Release|x64.ActiveCfg = Release|Win32
		{B41B0900-36FD-48D0-AA64-CD6F315DD65D}.Release|x64.Build.0 = Release|Win32
		{B41B0900-36FD-48D0-AA64-CD6F315DD65D}.Release|x86.ActiveCfg = Release|Win32
		{B41B0900-36FD-48D0-AA64-CD6F315DD65D}.Release|x86.Build.0 = Release|Win32
		{B41B0900-36FD-48D0-AA64-CD6F315DD65D}.RelWithDebInfo|ARM64.ActiveCfg = Release|Win32
		{B41B0900-36FD-48D0-AA64-CD6F315DD65D}.RelWithDebInfo|ARM64.Build.0 = Release|Win32
		{B41B0900-36FD-48D0-AA64-CD6F315DD65D}.RelWithDebInfo|x64.ActiveCfg = Release|Win32
		{B41B0900-36FD-48D0-AA64-CD6F315DD65D}.RelWithDebInfo|x64.Build.0 = Release|Win32
		{B41B0900-36FD-48D0-AA64-CD6F315DD65D}.RelWithDebInfo|x86.ActiveCfg = Release|Win32
		{B41B0900-36FD-48D0-AA64-CD6F315DD65D}.RelWithDebInfo|x86.Build.0 = Release|Win32
	EndGlobalSection
	GlobalSection(SolutionProperties) = preSolution
		HideSolutionNode = FALSE
	EndGlobalSection
	GlobalSection(ExtensibilityGlobals) = postSolution
		SolutionGuid = {18C981F9-930C-437E-9009-7B745D650054}
	EndGlobalSection
EndGlobal
